
Microsoft Visual Studio Solution File, Format Version 12.00
# Visual Studio Version 17
VisualStudioVersion = 17.7.34221.43
MinimumVisualStudioVersion = 10.0.40219.1
Project("{FAE04EC0-301F-11D3-BF4B-00C04F79EFBC}") = "Shrinkware", "Shrinkware\Shrinkware.csproj", "{55D0EAF1-E4BA-4378-BD80-BB7F16FACEF0}"
EndProject
Global
	GlobalSection(SolutionConfigurationPlatforms) = preSolution
		Debug|Any CPU = Debug|Any CPU
		Release|Any CPU = Release|Any CPU
	EndGlobalSection
	GlobalSection(ProjectConfigurationPlatforms) = postSolution
		{55D0EAF1-E4BA-4378-BD80-BB7F16FACEF0}.Debug|Any CPU.ActiveCfg = Debug|Any CPU
		{55D0EAF1-E4BA-4378-BD80-BB7F16FACEF0}.Debug|Any CPU.Build.0 = Debug|Any CPU
		{55D0EAF1-E4BA-4378-BD80-BB7F16FACEF0}.Release|Any CPU.ActiveCfg = Release|Any CPU
		{55D0EAF1-E4BA-4378-BD80-BB7F16FACEF0}.Release|Any CPU.Build.0 = Release|Any CPU
	EndGlobalSection
	GlobalSection(SolutionProperties) = preSolution
		HideSolutionNode = FALSE
	EndGlobalSection
	GlobalSection(ExtensibilityGlobals) = postSolution
		SolutionGuid = {C0777466-C9EB-48AA-9B50-CF9C3ADF10CF}
	EndGlobalSection
EndGlobal
